
Microsoft Visual Studio Solution File, Format Version 12.00
# Visual Studio Version 17
VisualStudioVersion = 17.13.35919.96 d17.13
MinimumVisualStudioVersion = 10.0.40219.1
Project("{FAE04EC0-301F-11D3-BF4B-00C04F79EFBC}") = "DiceGame", "DiceGame\DiceGame.csproj", "{8CB7F678-FF24-44D1-AFE1-336EDF6871F3}"
EndProject
Global
	GlobalSection(SolutionConfigurationPlatforms) = preSolution
		Debug|Any CPU = Debug|Any CPU
		Release|Any CPU = Release|Any CPU
	EndGlobalSection
	GlobalSection(ProjectConfigurationPlatforms) = postSolution
		{8CB7F678-FF24-44D1-AFE1-336EDF6871F3}.Debug|Any CPU.ActiveCfg = Debug|Any CPU
		{8CB7F678-FF24-44D1-AFE1-336EDF6871F3}.Debug|Any CPU.Build.0 = Debug|Any CPU
		{8CB7F678-FF24-44D1-AFE1-336EDF6871F3}.Release|Any CPU.ActiveCfg = Release|Any CPU
		{8CB7F678-FF24-44D1-AFE1-336EDF6871F3}.Release|Any CPU.Build.0 = Release|Any CPU
	EndGlobalSection
	GlobalSection(SolutionProperties) = preSolution
		HideSolutionNode = FALSE
	EndGlobalSection
	GlobalSection(ExtensibilityGlobals) = postSolution
		SolutionGuid = {C7137892-8185-4C61-A945-A0B3B240AC39}
	EndGlobalSection
EndGlobal
